
Microsoft Visual Studio Solution File, Format Version 12.00
# Visual Studio Version 17
VisualStudioVersion = 17.9.34728.123
MinimumVisualStudioVersion = 10.0.40219.1
Project("{FAE04EC0-301F-11D3-BF4B-00C04F79EFBC}") = "Arkusz2", "Arkusz2\Arkusz2.csproj", "{269D881B-CAA2-4A81-B25A-FDF140BB9FE8}"
EndProject
Global
	GlobalSection(SolutionConfigurationPlatforms) = preSolution
		Debug|Any CPU = Debug|Any CPU
		Release|Any CPU = Release|Any CPU
	EndGlobalSection
	GlobalSection(ProjectConfigurationPlatforms) = postSolution
		{269D881B-CAA2-4A81-B25A-FDF140BB9FE8}.Debug|Any CPU.ActiveCfg = Debug|Any CPU
		{269D881B-CAA2-4A81-B25A-FDF140BB9FE8}.Debug|Any CPU.Build.0 = Debug|Any CPU
		{269D881B-CAA2-4A81-B25A-FDF140BB9FE8}.Release|Any CPU.ActiveCfg = Release|Any CPU
		{269D881B-CAA2-4A81-B25A-FDF140BB9FE8}.Release|Any CPU.Build.0 = Release|Any CPU
	EndGlobalSection
	GlobalSection(SolutionProperties) = preSolution
		HideSolutionNode = FALSE
	EndGlobalSection
	GlobalSection(ExtensibilityGlobals) = postSolution
		SolutionGuid = {44C3BB0F-BBC1-452C-895B-451D84CEE61D}
	EndGlobalSection
EndGlobal
